#MicroXplorer Configuration settings - do not modify
ADC1.Channel-0\#ChannelRegularConversion=ADC_CHANNEL_10
ADC1.Channel-1\#ChannelRegularConversion=ADC_CHANNEL_11
ADC1.Channel-2\#ChannelRegularConversion=ADC_CHANNEL_12
ADC1.Channel-3\#ChannelRegularConversion=ADC_CHANNEL_13
ADC1.Channel-4\#ChannelRegularConversion=ADC_CHANNEL_0
ADC1.Channel-5\#ChannelRegularConversion=ADC_CHANNEL_1
ADC1.Channel-6\#ChannelRegularConversion=ADC_CHANNEL_2
ADC1.ContinuousConvMode=ENABLE
ADC1.IPParameters=Rank-0\#ChannelRegularConversion,Channel-0\#ChannelRegularConversion,SamplingTime-0\#ChannelRegularConversion,NbrOfConversionFlag,Rank-1\#ChannelRegularConversion,Channel-1\#ChannelRegularConversion,SamplingTime-1\#ChannelRegularConversion,Rank-2\#ChannelRegularConversion,Channel-2\#ChannelRegularConversion,SamplingTime-2\#ChannelRegularConversion,Rank-3\#ChannelRegularConversion,Channel-3\#ChannelRegularConversion,SamplingTime-3\#ChannelRegularConversion,Rank-4\#ChannelRegularConversion,Channel-4\#ChannelRegularConversion,SamplingTime-4\#ChannelRegularConversion,NbrOfConversion,ContinuousConvMode,master,Rank-5\#ChannelRegularConversion,Channel-5\#ChannelRegularConversion,SamplingTime-5\#ChannelRegularConversion,Rank-6\#ChannelRegularConversion,Channel-6\#ChannelRegularConversion,SamplingTime-6\#ChannelRegularConversion
ADC1.NbrOfConversion=7
ADC1.NbrOfConversionFlag=1
ADC1.Rank-0\#ChannelRegularConversion=1
ADC1.Rank-1\#ChannelRegularConversion=2
ADC1.Rank-2\#ChannelRegularConversion=3
ADC1.Rank-3\#ChannelRegularConversion=4
ADC1.Rank-4\#ChannelRegularConversion=5
ADC1.Rank-5\#ChannelRegularConversion=6
ADC1.Rank-6\#ChannelRegularConversion=7
ADC1.SamplingTime-0\#ChannelRegularConversion=ADC_SAMPLETIME_1CYCLE_5
ADC1.SamplingTime-1\#ChannelRegularConversion=ADC_SAMPLETIME_1CYCLE_5
ADC1.SamplingTime-2\#ChannelRegularConversion=ADC_SAMPLETIME_1CYCLE_5
ADC1.SamplingTime-3\#ChannelRegularConversion=ADC_SAMPLETIME_1CYCLE_5
ADC1.SamplingTime-4\#ChannelRegularConversion=ADC_SAMPLETIME_1CYCLE_5
ADC1.SamplingTime-5\#ChannelRegularConversion=ADC_SAMPLETIME_1CYCLE_5
ADC1.SamplingTime-6\#ChannelRegularConversion=ADC_SAMPLETIME_1CYCLE_5
ADC1.master=1
Dma.ADC1.0.Direction=DMA_PERIPH_TO_MEMORY
Dma.ADC1.0.Instance=DMA1_Channel1
Dma.ADC1.0.MemDataAlignment=DMA_MDATAALIGN_HALFWORD
Dma.ADC1.0.MemInc=DMA_MINC_ENABLE
Dma.ADC1.0.Mode=DMA_CIRCULAR
Dma.ADC1.0.PeriphDataAlignment=DMA_PDATAALIGN_HALFWORD
Dma.ADC1.0.PeriphInc=DMA_PINC_DISABLE
Dma.ADC1.0.Priority=DMA_PRIORITY_LOW
Dma.ADC1.0.RequestParameters=Instance,Direction,PeriphInc,MemInc,PeriphDataAlignment,MemDataAlignment,Mode,Priority
Dma.Request0=ADC1
Dma.Request1=UART4_RX
Dma.Request2=USART1_RX
Dma.Request3=USART2_RX
Dma.RequestsNb=4
Dma.UART4_RX.1.Direction=DMA_PERIPH_TO_MEMORY
Dma.UART4_RX.1.Instance=DMA2_Channel3
Dma.UART4_RX.1.MemDataAlignment=DMA_MDATAALIGN_BYTE
Dma.UART4_RX.1.MemInc=DMA_MINC_ENABLE
Dma.UART4_RX.1.Mode=DMA_NORMAL
Dma.UART4_RX.1.PeriphDataAlignment=DMA_PDATAALIGN_BYTE
Dma.UART4_RX.1.PeriphInc=DMA_PINC_DISABLE
Dma.UART4_RX.1.Priority=DMA_PRIORITY_LOW
Dma.UART4_RX.1.RequestParameters=Instance,Direction,PeriphInc,MemInc,PeriphDataAlignment,MemDataAlignment,Mode,Priority
Dma.USART1_RX.2.Direction=DMA_PERIPH_TO_MEMORY
Dma.USART1_RX.2.Instance=DMA1_Channel5
Dma.USART1_RX.2.MemDataAlignment=DMA_MDATAALIGN_BYTE
Dma.USART1_RX.2.MemInc=DMA_MINC_ENABLE
Dma.USART1_RX.2.Mode=DMA_NORMAL
Dma.USART1_RX.2.PeriphDataAlignment=DMA_PDATAALIGN_BYTE
Dma.USART1_RX.2.PeriphInc=DMA_PINC_DISABLE
Dma.USART1_RX.2.Priority=DMA_PRIORITY_LOW
Dma.USART1_RX.2.RequestParameters=Instance,Direction,PeriphInc,MemInc,PeriphDataAlignment,MemDataAlignment,Mode,Priority
Dma.USART2_RX.3.Direction=DMA_PERIPH_TO_MEMORY
Dma.USART2_RX.3.Instance=DMA1_Channel6
Dma.USART2_RX.3.MemDataAlignment=DMA_MDATAALIGN_BYTE
Dma.USART2_RX.3.MemInc=DMA_MINC_ENABLE
Dma.USART2_RX.3.Mode=DMA_NORMAL
Dma.USART2_RX.3.PeriphDataAlignment=DMA_PDATAALIGN_BYTE
Dma.USART2_RX.3.PeriphInc=DMA_PINC_DISABLE
Dma.USART2_RX.3.Priority=DMA_PRIORITY_LOW
Dma.USART2_RX.3.RequestParameters=Instance,Direction,PeriphInc,MemInc,PeriphDataAlignment,MemDataAlignment,Mode,Priority
FREERTOS.FootprintOK=true
FREERTOS.IPParameters=Tasks01,configTOTAL_HEAP_SIZE,configCHECK_FOR_STACK_OVERFLOW,FootprintOK
FREERTOS.Tasks01=Data_RX_TX_Task,0,1024,StartData_RX_TX_Task,Default,NULL,Dynamic,NULL,NULL;TempShowask,0,768,StartTempShowask,Default,NULL,Dynamic,NULL,NULL;FreezeTask,0,768,StartFreezeTask,Default,NULL,Dynamic,NULL,NULL;DefrostTask,0,768,StartDefrostTask,Default,NULL,Dynamic,NULL,NULL;DeviceCheckTask,0,1024,StartDeviceCheckTask,Default,NULL,Dynamic,NULL,NULL
FREERTOS.configCHECK_FOR_STACK_OVERFLOW=1
FREERTOS.configTOTAL_HEAP_SIZE=23000
File.Version=6
KeepUserPlacement=false
Mcu.Family=STM32F1
Mcu.IP0=ADC1
Mcu.IP1=DMA
Mcu.IP10=TIM6
Mcu.IP11=UART4
Mcu.IP12=UART5
Mcu.IP13=USART1
Mcu.IP14=USART2
Mcu.IP15=USART3
Mcu.IP2=FREERTOS
Mcu.IP3=NVIC
Mcu.IP4=RCC
Mcu.IP5=RTC
Mcu.IP6=SPI1
Mcu.IP7=SYS
Mcu.IP8=TIM3
Mcu.IP9=TIM4
Mcu.IPNb=16
Mcu.Name=STM32F103V(C-D-E)Tx
Mcu.Package=LQFP100
Mcu.Pin0=PC14-OSC32_IN
Mcu.Pin1=PC15-OSC32_OUT
Mcu.Pin10=PA2
Mcu.Pin11=PA3
Mcu.Pin12=PA4
Mcu.Pin13=PA5
Mcu.Pin14=PA6
Mcu.Pin15=PA7
Mcu.Pin16=PC5
Mcu.Pin17=PB0
Mcu.Pin18=PB1
Mcu.Pin19=PE7
Mcu.Pin2=OSC_IN
Mcu.Pin20=PE8
Mcu.Pin21=PE9
Mcu.Pin22=PE10
Mcu.Pin23=PE11
Mcu.Pin24=PE12
Mcu.Pin25=PE13
Mcu.Pin26=PE14
Mcu.Pin27=PE15
Mcu.Pin28=PB10
Mcu.Pin29=PB11
Mcu.Pin3=OSC_OUT
Mcu.Pin30=PB12
Mcu.Pin31=PB13
Mcu.Pin32=PB14
Mcu.Pin33=PB15
Mcu.Pin34=PD8
Mcu.Pin35=PD9
Mcu.Pin36=PD10
Mcu.Pin37=PD13
Mcu.Pin38=PD14
Mcu.Pin39=PD15
Mcu.Pin4=PC0
Mcu.Pin40=PC6
Mcu.Pin41=PC7
Mcu.Pin42=PC8
Mcu.Pin43=PA8
Mcu.Pin44=PA9
Mcu.Pin45=PA10
Mcu.Pin46=PA11
Mcu.Pin47=PA12
Mcu.Pin48=PA13
Mcu.Pin49=PA14
Mcu.Pin5=PC1
Mcu.Pin50=PC10
Mcu.Pin51=PC11
Mcu.Pin52=PC12
Mcu.Pin53=PD1
Mcu.Pin54=PD2
Mcu.Pin55=PD5
Mcu.Pin56=PD6
Mcu.Pin57=PD7
Mcu.Pin58=PB3
Mcu.Pin59=PB5
Mcu.Pin6=PC2
Mcu.Pin60=PB6
Mcu.Pin61=PB7
Mcu.Pin62=PB8
Mcu.Pin63=PB9
Mcu.Pin64=PE0
Mcu.Pin65=PE1
Mcu.Pin66=VP_FREERTOS_VS_CMSIS_V1
Mcu.Pin67=VP_RTC_VS_RTC_Activate
Mcu.Pin68=VP_RTC_VS_RTC_Calendar
Mcu.Pin69=VP_SYS_VS_tim1
Mcu.Pin7=PC3
Mcu.Pin70=VP_TIM3_VS_ClockSourceINT
Mcu.Pin71=VP_TIM4_VS_ClockSourceINT
Mcu.Pin72=VP_TIM6_VS_ClockSourceINT
Mcu.Pin8=PA0-WKUP
Mcu.Pin9=PA1
Mcu.PinsNb=73
Mcu.ThirdPartyNb=0
Mcu.UserConstants=
Mcu.UserName=STM32F103VETx
MxCube.Version=5.3.0
MxDb.Version=DB.5.0.30
NVIC.ADC1_2_IRQn=true\:5\:0\:true\:false\:true\:true\:true\:true
NVIC.BusFault_IRQn=true\:0\:0\:false\:false\:true\:false\:false\:false
NVIC.DMA1_Channel1_IRQn=true\:5\:0\:true\:false\:true\:true\:false\:true
NVIC.DMA1_Channel5_IRQn=true\:5\:0\:false\:false\:true\:true\:false\:true
NVIC.DMA1_Channel6_IRQn=true\:5\:0\:false\:false\:true\:true\:false\:true
NVIC.DMA2_Channel3_IRQn=true\:5\:0\:true\:false\:true\:true\:false\:true
NVIC.DebugMonitor_IRQn=true\:0\:0\:false\:false\:true\:false\:false\:false
NVIC.HardFault_IRQn=true\:0\:0\:false\:false\:true\:false\:false\:false
NVIC.MemoryManagement_IRQn=true\:0\:0\:false\:false\:true\:false\:false\:false
NVIC.NonMaskableInt_IRQn=true\:0\:0\:false\:false\:true\:false\:false\:false
NVIC.PendSV_IRQn=true\:15\:0\:false\:false\:false\:true\:false\:false
NVIC.PriorityGroup=NVIC_PRIORITYGROUP_4
NVIC.SVCall_IRQn=true\:0\:0\:false\:false\:false\:false\:false\:false
NVIC.SysTick_IRQn=true\:15\:0\:false\:false\:false\:true\:false\:true
NVIC.TIM1_UP_IRQn=true\:0\:0\:false\:false\:true\:false\:false\:true
NVIC.TIM3_IRQn=true\:5\:0\:true\:false\:true\:true\:true\:true
NVIC.TIM4_IRQn=true\:5\:0\:true\:false\:true\:true\:true\:true
NVIC.TimeBase=TIM1_UP_IRQn
NVIC.TimeBaseIP=TIM1
NVIC.UART4_IRQn=true\:5\:0\:true\:false\:true\:true\:true\:true
NVIC.UART5_IRQn=true\:5\:0\:true\:false\:true\:true\:true\:true
NVIC.USART1_IRQn=true\:5\:0\:true\:false\:true\:true\:true\:true
NVIC.USART2_IRQn=true\:5\:0\:true\:false\:true\:true\:true\:true
NVIC.USART3_IRQn=true\:5\:0\:false\:false\:true\:true\:true\:true
NVIC.UsageFault_IRQn=true\:0\:0\:false\:false\:true\:false\:false\:false
OSC_IN.Mode=HSE-External-Oscillator
OSC_IN.Signal=RCC_OSC_IN
OSC_OUT.Mode=HSE-External-Oscillator
OSC_OUT.Signal=RCC_OSC_OUT
PA0-WKUP.GPIOParameters=GPIO_Label
PA0-WKUP.GPIO_Label=Case-Sensor-in
PA0-WKUP.Locked=true
PA0-WKUP.Signal=ADCx_IN0
PA1.GPIOParameters=GPIO_Label
PA1.GPIO_Label=Vapor-Sensor-in
PA1.Locked=true
PA1.Signal=ADCx_IN1
PA10.GPIOParameters=GPIO_Label
PA10.GPIO_Label=Compressor_Relay
PA10.Locked=true
PA10.Signal=GPIO_Output
PA11.GPIOParameters=GPIO_Label
PA11.GPIO_Label=USB_INT
PA11.Locked=true
PA11.Signal=GPIO_Output
PA12.GPIOParameters=GPIO_Label
PA12.GPIO_Label=USB_Reset
PA12.Locked=true
PA12.Signal=GPIO_Output
PA13.Mode=Serial_Wire
PA13.Signal=SYS_JTMS-SWDIO
PA14.Mode=Serial_Wire
PA14.Signal=SYS_JTCK-SWCLK
PA2.GPIOParameters=GPIO_Label
PA2.GPIO_Label=Power_Sensor_in
PA2.Locked=true
PA2.Signal=ADCx_IN2
PA3.GPIOParameters=GPIO_PuPd,GPIO_Label
PA3.GPIO_Label=Outside_DoorOpen
PA3.GPIO_PuPd=GPIO_PULLUP
PA3.Locked=true
PA3.Signal=GPIO_Input
PA4.Locked=true
PA4.Signal=SPI1_NSS
PA5.Locked=true
PA5.Mode=Full_Duplex_Master
PA5.Signal=SPI1_SCK
PA6.Locked=true
PA6.Mode=Full_Duplex_Master
PA6.Signal=SPI1_MISO
PA7.Locked=true
PA7.Mode=Full_Duplex_Master
PA7.Signal=SPI1_MOSI
PA8.GPIOParameters=GPIO_Label
PA8.GPIO_Label=Defrosting_Relay
PA8.Locked=true
PA8.Signal=GPIO_Output
PA9.GPIOParameters=GPIO_Label
PA9.GPIO_Label=Vaporization_Relay
PA9.Locked=true
PA9.Signal=GPIO_Output
PB0.GPIOParameters=GPIO_Label
PB0.GPIO_Label=Lift_Motor_in2
PB0.Locked=true
PB0.Signal=GPIO_Output
PB1.GPIOParameters=GPIO_Label
PB1.GPIO_Label=Lift_Motor_in1
PB1.Locked=true
PB1.Signal=GPIO_Output
PB10.GPIOParameters=GPIO_Label,GPIO_ModeDefaultOutputPP
PB10.GPIO_Label=SCL2
PB10.GPIO_ModeDefaultOutputPP=GPIO_MODE_OUTPUT_OD
PB10.Locked=true
PB10.Signal=GPIO_Output
PB11.GPIOParameters=GPIO_Label,GPIO_ModeDefaultOutputPP
PB11.GPIO_Label=SDA2
PB11.GPIO_ModeDefaultOutputPP=GPIO_MODE_OUTPUT_OD
PB11.Locked=true
PB11.Signal=GPIO_Output
PB12.GPIOParameters=GPIO_Label
PB12.GPIO_Label=LCD_CLK2
PB12.Locked=true
PB12.Signal=GPIO_Output
PB13.GPIOParameters=GPIO_Label
PB13.GPIO_Label=LCD_CLK
PB13.Locked=true
PB13.Signal=GPIO_Output
PB14.GPIOParameters=GPIO_Label
PB14.GPIO_Label=LCD_SIO
PB14.Locked=true
PB14.Signal=GPIO_Output
PB15.GPIOParameters=GPIO_Label
PB15.GPIO_Label=LCD_Reset
PB15.Locked=true
PB15.Signal=GPIO_Output
PB3.GPIOParameters=GPIO_Label
PB3.GPIO_Label=ESP32-S_EN\#
PB3.Locked=true
PB3.Signal=GPIO_Output
PB5.GPIOParameters=GPIO_PuPd,GPIO_Label
PB5.GPIO_Label=LoRa_HostWake
PB5.GPIO_PuPd=GPIO_PULLUP
PB5.Locked=true
PB5.Signal=GPIO_Input
PB6.GPIOParameters=GPIO_Label
PB6.GPIO_Label=LoRa_UART1_TX
PB6.Locked=true
PB6.Mode=Asynchronous
PB6.Signal=USART1_TX
PB7.GPIOParameters=GPIO_Label
PB7.GPIO_Label=LoRa_UART1_RX
PB7.Locked=true
PB7.Mode=Asynchronous
PB7.Signal=USART1_RX
PB8.GPIOParameters=GPIO_Label
PB8.GPIO_Label=LoRa_nReload
PB8.Locked=true
PB8.Signal=GPIO_Output
PB9.GPIOParameters=GPIO_Label
PB9.GPIO_Label=LoRa_nRST
PB9.Locked=true
PB9.Signal=GPIO_Output
PC0.GPIOParameters=GPIO_Label
PC0.GPIO_Label=Load_Cell_Sensor_in
PC0.Locked=true
PC0.Signal=ADCx_IN10
PC1.GPIOParameters=GPIO_Label
PC1.GPIO_Label=Lift_Motor_Sensor_in
PC1.Locked=true
PC1.Signal=ADCx_IN11
PC10.GPIOParameters=GPIO_Label
PC10.GPIO_Label=MCU_UART4_TX
PC10.Locked=true
PC10.Mode=Asynchronous
PC10.Signal=UART4_TX
PC11.GPIOParameters=GPIO_Label
PC11.GPIO_Label=MCU_UART4_RX
PC11.Locked=true
PC11.Mode=Asynchronous
PC11.Signal=UART4_RX
PC12.GPIOParameters=GPIO_Label
PC12.GPIO_Label=MCU_UART5_TX
PC12.Locked=true
PC12.Mode=Asynchronous
PC12.Signal=UART5_TX
PC14-OSC32_IN.Mode=LSE-External-Oscillator
PC14-OSC32_IN.Signal=RCC_OSC32_IN
PC15-OSC32_OUT.Mode=LSE-External-Oscillator
PC15-OSC32_OUT.Signal=RCC_OSC32_OUT
PC2.GPIOParameters=GPIO_Label
PC2.GPIO_Label=DoorOpen_Motor-Sensor-in
PC2.Locked=true
PC2.Signal=ADCx_IN12
PC3.GPIOParameters=GPIO_Label
PC3.GPIO_Label=Drum_Motor-Sensor-in
PC3.Locked=true
PC3.Signal=ADCx_IN13
PC5.GPIOParameters=GPIO_Label
PC5.GPIO_Label=Lift_Motor_en
PC5.Locked=true
PC5.Signal=GPIO_Output
PC6.GPIOParameters=GPIO_PuPd,GPIO_Label
PC6.GPIO_Label=KEY-3
PC6.GPIO_PuPd=GPIO_PULLUP
PC6.Locked=true
PC6.Signal=GPIO_Input
PC7.GPIOParameters=GPIO_PuPd,GPIO_Label
PC7.GPIO_Label=KEY-2
PC7.GPIO_PuPd=GPIO_PULLUP
PC7.Locked=true
PC7.Signal=GPIO_Input
PC8.GPIOParameters=GPIO_PuPd,GPIO_Label
PC8.GPIO_Label=KEY-1
PC8.GPIO_PuPd=GPIO_PULLUP
PC8.Locked=true
PC8.Signal=GPIO_Input
PCC.Checker=false
PCC.Line=STM32F103
PCC.MCU=STM32F103V(C-D-E)Tx
PCC.PartNumber=STM32F103VETx
PCC.Seq0=0
PCC.Series=STM32F1
PCC.Temperature=25
PCC.Vdd=3.3
PD1.GPIOParameters=GPIO_PuPd,GPIO_Label
PD1.GPIO_Label=Master_Slave
PD1.GPIO_PuPd=GPIO_PULLUP
PD1.Locked=true
PD1.Signal=GPIO_Input
PD10.GPIOParameters=GPIO_Label
PD10.GPIO_Label=LCD_STB
PD10.Locked=true
PD10.Signal=GPIO_Output
PD13.GPIOParameters=GPIO_PuPd,GPIO_Label
PD13.GPIO_Label=KEY-6
PD13.GPIO_PuPd=GPIO_PULLUP
PD13.Locked=true
PD13.Signal=GPIO_Input
PD14.GPIOParameters=GPIO_PuPd,GPIO_Label
PD14.GPIO_Label=KEY-5
PD14.GPIO_PuPd=GPIO_PULLUP
PD14.Locked=true
PD14.Signal=GPIO_Input
PD15.GPIOParameters=GPIO_PuPd,GPIO_Label
PD15.GPIO_Label=KEY-4
PD15.GPIO_PuPd=GPIO_PULLUP
PD15.Locked=true
PD15.Signal=GPIO_Input
PD2.GPIOParameters=GPIO_Label
PD2.GPIO_Label=MCU_UART5_RX
PD2.Locked=true
PD2.Mode=Asynchronous
PD2.Signal=UART5_RX
PD5.GPIOParameters=GPIO_Label
PD5.GPIO_Label=MCU_UART2_TX
PD5.Locked=true
PD5.Mode=Asynchronous
PD5.Signal=USART2_TX
PD6.GPIOParameters=GPIO_Label
PD6.GPIO_Label=MCU_UART2_RX
PD6.Locked=true
PD6.Mode=Asynchronous
PD6.Signal=USART2_RX
PD7.GPIOParameters=GPIO_Label
PD7.GPIO_Label=WB_DOWNLOAD
PD7.Locked=true
PD7.Signal=GPIO_Output
PD8.GPIOParameters=GPIO_Label
PD8.GPIO_Label=DEBUG_UART3_TX
PD8.Locked=true
PD8.Mode=Asynchronous
PD8.Signal=USART3_TX
PD9.GPIOParameters=GPIO_Label
PD9.GPIO_Label=DEBUG_UART3_RX
PD9.Locked=true
PD9.Mode=Asynchronous
PD9.Signal=USART3_RX
PE0.GPIOParameters=GPIO_Label
PE0.GPIO_Label=LoRa_wakeup
PE0.Locked=true
PE0.Signal=GPIO_Output
PE1.GPIOParameters=GPIO_Label
PE1.GPIO_Label=WIRELESS_STATE
PE1.Locked=true
PE1.Signal=GPIO_Output
PE10.GPIOParameters=GPIO_Label
PE10.GPIO_Label=DoorOpen_motor-en
PE10.Locked=true
PE10.Signal=GPIO_Output
PE11.GPIOParameters=GPIO_Label
PE11.GPIO_Label=DoorOpen_motor-in2
PE11.Locked=true
PE11.Signal=GPIO_Output
PE12.GPIOParameters=GPIO_Label
PE12.GPIO_Label=DoorOpen_motor-in1
PE12.Locked=true
PE12.Signal=GPIO_Output
PE13.GPIOParameters=GPIO_Label
PE13.GPIO_Label=Drum_motor-en
PE13.Locked=true
PE13.Signal=GPIO_Output
PE14.GPIOParameters=GPIO_Label
PE14.GPIO_Label=Drum_motor-in2
PE14.Locked=true
PE14.Signal=GPIO_Output
PE15.GPIOParameters=GPIO_Label
PE15.GPIO_Label=Drum_motor-in1
PE15.Locked=true
PE15.Signal=GPIO_Output
PE7.GPIOParameters=GPIO_PuPd,GPIO_Label
PE7.GPIO_Label=basket_on
PE7.GPIO_PuPd=GPIO_PULLUP
PE7.Locked=true
PE7.Signal=GPIO_Input
PE8.GPIOParameters=GPIO_PuPd,GPIO_Label
PE8.GPIO_Label=dooropen
PE8.GPIO_PuPd=GPIO_PULLUP
PE8.Locked=true
PE8.Signal=GPIO_Input
PE9.GPIOParameters=GPIO_PuPd,GPIO_Label
PE9.GPIO_Label=lowproduct
PE9.GPIO_PuPd=GPIO_PULLUP
PE9.Locked=true
PE9.Signal=GPIO_Input
PinOutPanel.RotationAngle=180
ProjectManager.AskForMigrate=true
ProjectManager.BackupPrevious=true
ProjectManager.CompilerOptimize=6
ProjectManager.ComputerToolchain=false
ProjectManager.CoupleFile=true
ProjectManager.CustomerFirmwarePackage=
ProjectManager.DefaultFWLocation=true
ProjectManager.DeletePrevious=true
ProjectManager.DeviceId=STM32F103VETx
ProjectManager.FirmwarePackage=STM32Cube FW_F1 V1.8.0
ProjectManager.FreePins=false
ProjectManager.HalAssertFull=false
ProjectManager.HeapSize=0x200
ProjectManager.KeepUserCode=true
ProjectManager.LastFirmware=true
ProjectManager.LibraryCopy=0
ProjectManager.MainLocation=Src
ProjectManager.NoMain=false
ProjectManager.PreviousToolchain=
ProjectManager.ProjectBuild=false
ProjectManager.ProjectFileName=STM32F103VET6.ioc
ProjectManager.ProjectName=STM32F103VET6
ProjectManager.StackSize=0x400
ProjectManager.TargetToolchain=MDK-ARM V5
ProjectManager.ToolChainLocation=
ProjectManager.UnderRoot=false
ProjectManager.functionlistsort=1-MX_GPIO_Init-GPIO-false-HAL-true,2-MX_DMA_Init-DMA-false-HAL-true,3-SystemClock_Config-RCC-false-HAL-false,4-MX_ADC1_Init-ADC1-false-HAL-true,5-MX_RTC_Init-RTC-false-HAL-true,6-MX_SPI1_Init-SPI1-false-HAL-true,7-MX_TIM3_Init-TIM3-false-HAL-true,8-MX_TIM4_Init-TIM4-false-HAL-true,9-MX_TIM6_Init-TIM6-false-HAL-true,10-MX_UART4_Init-UART4-false-HAL-true,11-MX_UART5_Init-UART5-false-HAL-true,12-MX_USART1_UART_Init-USART1-false-HAL-true,13-MX_USART2_UART_Init-USART2-false-HAL-true,14-MX_USART3_UART_Init-USART3-false-HAL-true,15-MX_USB_PCD_Init-USB-false-HAL-true
RCC.ADCFreqValue=12000000
RCC.ADCPresc=RCC_ADCPCLK2_DIV6
RCC.AHBFreq_Value=72000000
RCC.APB1CLKDivider=RCC_HCLK_DIV2
RCC.APB1Freq_Value=36000000
RCC.APB1TimFreq_Value=72000000
RCC.APB2Freq_Value=72000000
RCC.APB2TimFreq_Value=72000000
RCC.FCLKCortexFreq_Value=72000000
RCC.FSMCFreq_Value=72000000
RCC.FamilyName=M
RCC.HCLKFreq_Value=72000000
RCC.I2S2Freq_Value=72000000
RCC.I2S3Freq_Value=72000000
RCC.IPParameters=ADCFreqValue,ADCPresc,AHBFreq_Value,APB1CLKDivider,APB1Freq_Value,APB1TimFreq_Value,APB2Freq_Value,APB2TimFreq_Value,FCLKCortexFreq_Value,FSMCFreq_Value,FamilyName,HCLKFreq_Value,I2S2Freq_Value,I2S3Freq_Value,MCOFreq_Value,PLLCLKFreq_Value,PLLMCOFreq_Value,PLLMUL,PLLSourceVirtual,SDIOFreq_Value,SDIOHCLKDiv2FreqValue,SYSCLKFreq_VALUE,SYSCLKSource,TimSysFreq_Value,USBFreq_Value,VCOOutput2Freq_Value
RCC.MCOFreq_Value=72000000
RCC.PLLCLKFreq_Value=72000000
RCC.PLLMCOFreq_Value=36000000
RCC.PLLMUL=RCC_PLL_MUL9
RCC.PLLSourceVirtual=RCC_PLLSOURCE_HSE
RCC.SDIOFreq_Value=72000000
RCC.SDIOHCLKDiv2FreqValue=36000000
RCC.SYSCLKFreq_VALUE=72000000
RCC.SYSCLKSource=RCC_SYSCLKSOURCE_PLLCLK
RCC.TimSysFreq_Value=72000000
RCC.USBFreq_Value=72000000
RCC.VCOOutput2Freq_Value=8000000
RTC.Date=24
RTC.Hours=16
RTC.IPParameters=WeekDay,Hours,Month,Date,Year
RTC.Month=RTC_MONTH_DECEMBER
RTC.WeekDay=RTC_WEEKDAY_TUESDAY
RTC.Year=19
SH.ADCx_IN0.0=ADC1_IN0,IN0
SH.ADCx_IN0.ConfNb=1
SH.ADCx_IN1.0=ADC1_IN1,IN1
SH.ADCx_IN1.ConfNb=1
SH.ADCx_IN10.0=ADC1_IN10,IN10
SH.ADCx_IN10.ConfNb=1
SH.ADCx_IN11.0=ADC1_IN11,IN11
SH.ADCx_IN11.ConfNb=1
SH.ADCx_IN12.0=ADC1_IN12,IN12
SH.ADCx_IN12.ConfNb=1
SH.ADCx_IN13.0=ADC1_IN13,IN13
SH.ADCx_IN13.ConfNb=1
SH.ADCx_IN2.0=ADC1_IN2,IN2
SH.ADCx_IN2.ConfNb=1
SPI1.BaudRatePrescaler=SPI_BAUDRATEPRESCALER_4
SPI1.CalculateBaudRate=18.0 MBits/s
SPI1.Direction=SPI_DIRECTION_2LINES
SPI1.IPParameters=VirtualType,Mode,Direction,CalculateBaudRate,BaudRatePrescaler
SPI1.Mode=SPI_MODE_MASTER
SPI1.VirtualType=VM_MASTER
TIM3.IPParameters=Prescaler,Period
TIM3.Period=199
TIM3.Prescaler=7199
TIM4.IPParameters=Prescaler,Period
TIM4.Period=199
TIM4.Prescaler=7199
TIM6.IPParameters=Prescaler,Period
TIM6.Period=65535
TIM6.Prescaler=71
UART4.IPParameters=VirtualMode
UART4.VirtualMode=Asynchronous
UART5.IPParameters=VirtualMode
UART5.VirtualMode=Asynchronous
USART1.IPParameters=VirtualMode
USART1.VirtualMode=VM_ASYNC
USART2.IPParameters=VirtualMode
USART2.VirtualMode=VM_ASYNC
USART3.BaudRate=9600
USART3.IPParameters=VirtualMode,BaudRate
USART3.VirtualMode=VM_ASYNC
VP_FREERTOS_VS_CMSIS_V1.Mode=CMSIS_V1
VP_FREERTOS_VS_CMSIS_V1.Signal=FREERTOS_VS_CMSIS_V1
VP_RTC_VS_RTC_Activate.Mode=RTC_Enabled
VP_RTC_VS_RTC_Activate.Signal=RTC_VS_RTC_Activate
VP_RTC_VS_RTC_Calendar.Mode=RTC_Calendar
VP_RTC_VS_RTC_Calendar.Signal=RTC_VS_RTC_Calendar
VP_SYS_VS_tim1.Mode=TIM1
VP_SYS_VS_tim1.Signal=SYS_VS_tim1
VP_TIM3_VS_ClockSourceINT.Mode=Internal
VP_TIM3_VS_ClockSourceINT.Signal=TIM3_VS_ClockSourceINT
VP_TIM4_VS_ClockSourceINT.Mode=Internal
VP_TIM4_VS_ClockSourceINT.Signal=TIM4_VS_ClockSourceINT
VP_TIM6_VS_ClockSourceINT.Mode=Enable_Timer
VP_TIM6_VS_ClockSourceINT.Signal=TIM6_VS_ClockSourceINT
board=custom
